
Microsoft Visual Studio Solution File, Format Version 12.00
# Visual Studio Version 16
VisualStudioVersion = 16.0.31005.135
MinimumVisualStudioVersion = 10.0.40219.1
Project("{9A19103F-16F7-4668-BE54-9A1E7A4F7556}") = "AlgorithmExercises", "AlgorithmExercises\AlgorithmExercises.csproj", "{E261544F-A72C-43DF-98D8-6F055EFB6A00}"
EndProject
Global
	GlobalSection(SolutionConfigurationPlatforms) = preSolution
		Debug|Any CPU = Debug|Any CPU
		Release|Any CPU = Release|Any CPU
	EndGlobalSection
	GlobalSection(ProjectConfigurationPlatforms) = postSolution
		{E261544F-A72C-43DF-98D8-6F055EFB6A00}.Debug|Any CPU.ActiveCfg = Debug|Any CPU
		{E261544F-A72C-43DF-98D8-6F055EFB6A00}.Debug|Any CPU.Build.0 = Debug|Any CPU
		{E261544F-A72C-43DF-98D8-6F055EFB6A00}.Release|Any CPU.ActiveCfg = Release|Any CPU
		{E261544F-A72C-43DF-98D8-6F055EFB6A00}.Release|Any CPU.Build.0 = Release|Any CPU
	EndGlobalSection
	GlobalSection(SolutionProperties) = preSolution
		HideSolutionNode = FALSE
	EndGlobalSection
	GlobalSection(ExtensibilityGlobals) = postSolution
		SolutionGuid = {D11BD96D-8CAC-477D-BB44-AEA275771E16}
	EndGlobalSection
EndGlobal
